
Microsoft Visual Studio Solution File, Format Version 12.00
# Visual Studio Version 16
VisualStudioVersion = 16.0.30717.126
MinimumVisualStudioVersion = 10.0.40219.1
Project("{FAE04EC0-301F-11D3-BF4B-00C04F79EFBC}") = "EquilibriumIndex", "EquilibriumIndex\EquilibriumIndex.csproj", "{136625DE-3DC8-4C48-B02F-2E4037FF6689}"
EndProject
Global
	GlobalSection(SolutionConfigurationPlatforms) = preSolution
		Debug|Any CPU = Debug|Any CPU
		Release|Any CPU = Release|Any CPU
	EndGlobalSection
	GlobalSection(ProjectConfigurationPlatforms) = postSolution
		{136625DE-3DC8-4C48-B02F-2E4037FF6689}.Debug|Any CPU.ActiveCfg = Debug|Any CPU
		{136625DE-3DC8-4C48-B02F-2E4037FF6689}.Debug|Any CPU.Build.0 = Debug|Any CPU
		{136625DE-3DC8-4C48-B02F-2E4037FF6689}.Release|Any CPU.ActiveCfg = Release|Any CPU
		{136625DE-3DC8-4C48-B02F-2E4037FF6689}.Release|Any CPU.Build.0 = Release|Any CPU
	EndGlobalSection
	GlobalSection(SolutionProperties) = preSolution
		HideSolutionNode = FALSE
	EndGlobalSection
	GlobalSection(ExtensibilityGlobals) = postSolution
		SolutionGuid = {26A6D36E-4774-4015-8455-0F025A4C0D02}
	EndGlobalSection
EndGlobal
