
Microsoft Visual Studio Solution File, Format Version 12.00
# Visual Studio 15
VisualStudioVersion = 15.0.28307.757
MinimumVisualStudioVersion = 10.0.40219.1
Project("{9A19103F-16F7-4668-BE54-9A1E7A4F7556}") = "ABC_Problem", "ABC_Problem\net\ABC_Problem.csproj", "{426C8FFD-758D-48E1-A1AE-BB18F9D207A9}"
EndProject
Project("{FAE04EC0-301F-11D3-BF4B-00C04F79EFBC}") = "ABC_ProblemTests", "ABC_ProblemTests\ABC_ProblemTests.csproj", "{47A99939-8E0D-40FF-988A-D566B5D9DC90}"
EndProject
Global
	GlobalSection(SolutionConfigurationPlatforms) = preSolution
		Debug|Any CPU = Debug|Any CPU
		Release|Any CPU = Release|Any CPU
	EndGlobalSection
	GlobalSection(ProjectConfigurationPlatforms) = postSolution
		{426C8FFD-758D-48E1-A1AE-BB18F9D207A9}.Debug|Any CPU.ActiveCfg = Debug|Any CPU
		{426C8FFD-758D-48E1-A1AE-BB18F9D207A9}.Debug|Any CPU.Build.0 = Debug|Any CPU
		{426C8FFD-758D-48E1-A1AE-BB18F9D207A9}.Release|Any CPU.ActiveCfg = Release|Any CPU
		{426C8FFD-758D-48E1-A1AE-BB18F9D207A9}.Release|Any CPU.Build.0 = Release|Any CPU
		{47A99939-8E0D-40FF-988A-D566B5D9DC90}.Debug|Any CPU.ActiveCfg = Debug|Any CPU
		{47A99939-8E0D-40FF-988A-D566B5D9DC90}.Debug|Any CPU.Build.0 = Debug|Any CPU
		{47A99939-8E0D-40FF-988A-D566B5D9DC90}.Release|Any CPU.ActiveCfg = Release|Any CPU
		{47A99939-8E0D-40FF-988A-D566B5D9DC90}.Release|Any CPU.Build.0 = Release|Any CPU
	EndGlobalSection
	GlobalSection(SolutionProperties) = preSolution
		HideSolutionNode = FALSE
	EndGlobalSection
	GlobalSection(ExtensibilityGlobals) = postSolution
		SolutionGuid = {28648FC8-DD3A-4ACA-A74A-A67BFA6A4380}
	EndGlobalSection
EndGlobal
