
Microsoft Visual Studio Solution File, Format Version 12.00
# Visual Studio Version 16
VisualStudioVersion = 16.0.29102.190
MinimumVisualStudioVersion = 10.0.40219.1
Project("{9A19103F-16F7-4668-BE54-9A1E7A4F7556}") = "Inheritance", "Inheritance\Inheritance.csproj", "{47A9EF40-756D-4D26-B11D-773FEB6E0939}"
EndProject
Project("{9A19103F-16F7-4668-BE54-9A1E7A4F7556}") = "ShoppingCart2", "ShoppingCart2\ShoppingCart2.csproj", "{DC525A3B-DB07-4F88-A0C6-E8E6C3FB4C57}"
EndProject
Project("{9A19103F-16F7-4668-BE54-9A1E7A4F7556}") = "ShoppingCart", "ShoppingCart\ShoppingCart.csproj", "{41C0ECB5-F7F4-41F7-B13C-D49FE079AFAA}"
EndProject
Global
	GlobalSection(SolutionConfigurationPlatforms) = preSolution
		Debug|Any CPU = Debug|Any CPU
		Release|Any CPU = Release|Any CPU
	EndGlobalSection
	GlobalSection(ProjectConfigurationPlatforms) = postSolution
		{47A9EF40-756D-4D26-B11D-773FEB6E0939}.Debug|Any CPU.ActiveCfg = Debug|Any CPU
		{47A9EF40-756D-4D26-B11D-773FEB6E0939}.Debug|Any CPU.Build.0 = Debug|Any CPU
		{47A9EF40-756D-4D26-B11D-773FEB6E0939}.Release|Any CPU.ActiveCfg = Release|Any CPU
		{47A9EF40-756D-4D26-B11D-773FEB6E0939}.Release|Any CPU.Build.0 = Release|Any CPU
		{DC525A3B-DB07-4F88-A0C6-E8E6C3FB4C57}.Debug|Any CPU.ActiveCfg = Debug|Any CPU
		{DC525A3B-DB07-4F88-A0C6-E8E6C3FB4C57}.Debug|Any CPU.Build.0 = Debug|Any CPU
		{DC525A3B-DB07-4F88-A0C6-E8E6C3FB4C57}.Release|Any CPU.ActiveCfg = Release|Any CPU
		{DC525A3B-DB07-4F88-A0C6-E8E6C3FB4C57}.Release|Any CPU.Build.0 = Release|Any CPU
		{41C0ECB5-F7F4-41F7-B13C-D49FE079AFAA}.Debug|Any CPU.ActiveCfg = Debug|Any CPU
		{41C0ECB5-F7F4-41F7-B13C-D49FE079AFAA}.Debug|Any CPU.Build.0 = Debug|Any CPU
		{41C0ECB5-F7F4-41F7-B13C-D49FE079AFAA}.Release|Any CPU.ActiveCfg = Release|Any CPU
		{41C0ECB5-F7F4-41F7-B13C-D49FE079AFAA}.Release|Any CPU.Build.0 = Release|Any CPU
	EndGlobalSection
	GlobalSection(SolutionProperties) = preSolution
		HideSolutionNode = FALSE
	EndGlobalSection
	GlobalSection(ExtensibilityGlobals) = postSolution
		SolutionGuid = {DD35378F-2919-46EF-B065-F345C040DA2B}
	EndGlobalSection
EndGlobal
